# This file is autogenerated, do not edit; changes may be undone by the next 'dep ensure'.


[[projects]]
  digest = "1:e692d16fdfbddb94e9e4886aaf6c08bdbae5cb4ac80651445de9181b371c6e46"
  name = "github.com/go-sql-driver/mysql"
  packages = ["."]
  pruneopts = ""
  revision = "72cd26f257d44c1114970e19afddcd812016007e"
  version = "v1.4.1"

[[projects]]
  digest = "1:65c7ed49d9f36dd4752e43013323fa9229db60b29aa4f5a75aaecda3130c74e2"
  name = "github.com/gorilla/mux"
  packages = ["."]
  pruneopts = ""
  revision = "c5c6c98bc25355028a63748a498942a6398ccd22"
  version = "v1.7.1"

[[projects]]
  digest = "1:09aa5dd1332b93c96bde671bafb053249dc813febf7d5ca84e8f382ba255d67d"
  name = "github.com/gorilla/websocket"
  packages = ["."]
  pruneopts = ""
  revision = "66b9c49e59c6c48f0ffce28c2d8b8a5678502c6d"
  version = "v1.4.0"

[[projects]]
  digest = "1:1f08c2dbe117d33a57e7e70fb4ee11a9afe24a1dd0cb0cfcf60fc676a2be1f2b"
  name = "github.com/jinzhu/gorm"
  packages = ["."]
  pruneopts = ""
  revision = "29cb2a42d2a41e5ae449435e1c9277d47115775c"
  version = "v1.9.5"

[[projects]]
  branch = "master"
  digest = "1:d9a7385b84d8187fd94e0357045c6fa1147ca94caa56fdd539336c7c102fc728"
  name = "github.com/jinzhu/inflection"
  packages = ["."]
  pruneopts = ""
  revision = "04140366298a54a039076d798123ffa108fff46c"

[[projects]]
  digest = "1:0a6cbf5be24f00105d33c9f6d2f40b8149e0316537a92be1b0d4c761b7ae39fb"
  name = "google.golang.org/appengine"
  packages = ["cloudsql"]
  pruneopts = ""
  revision = "54a98f90d1c46b7731eb8fb305d2a321c30ef610"
  version = "v1.5.0"

[solve-meta]
  analyzer-name = "dep"
  analyzer-version = 1
  input-imports = [
    "github.com/go-sql-driver/mysql",
    "github.com/gorilla/mux",
    "github.com/gorilla/websocket",
    "github.com/jinzhu/gorm",
  ]
  solver-name = "gps-cdcl"
  solver-version = 1
